
Microsoft Visual Studio Solution File, Format Version 12.00
# Visual Studio 15
Project("{FAE04EC0-301F-11D3-BF4B-00C04F79EFBC}") = "Assembly-CSharp", "Assembly-CSharp.csproj", "{B2ABAB81-A605-D41C-3CEE-DD45FB6027A3}"
EndProject
Project("{FAE04EC0-301F-11D3-BF4B-00C04F79EFBC}") = "Assembly-CSharp-firstpass", "Assembly-CSharp-firstpass.csproj", "{641FFBE3-EAF4-8FD1-3CD2-E02FA3CBEE4C}"
EndProject
Project("{FAE04EC0-301F-11D3-BF4B-00C04F79EFBC}") = "Assembly-CSharp-Editor", "Assembly-CSharp-Editor.csproj", "{B9308EF8-E45E-5D57-9D3E-7A1AAEA820EF}"
EndProject
Global
	GlobalSection(SolutionConfigurationPlatforms) = preSolution
		Debug|Any CPU = Debug|Any CPU
		Release|Any CPU = Release|Any CPU
	EndGlobalSection
	GlobalSection(ProjectConfigurationPlatforms) = postSolution
		{B2ABAB81-A605-D41C-3CEE-DD45FB6027A3}.Debug|Any CPU.ActiveCfg = Debug|Any CPU
		{B2ABAB81-A605-D41C-3CEE-DD45FB6027A3}.Debug|Any CPU.Build.0 = Debug|Any CPU
		{B2ABAB81-A605-D41C-3CEE-DD45FB6027A3}.Release|Any CPU.ActiveCfg = Release|Any CPU
		{B2ABAB81-A605-D41C-3CEE-DD45FB6027A3}.Release|Any CPU.Build.0 = Release|Any CPU
		{641FFBE3-EAF4-8FD1-3CD2-E02FA3CBEE4C}.Debug|Any CPU.ActiveCfg = Debug|Any CPU
		{641FFBE3-EAF4-8FD1-3CD2-E02FA3CBEE4C}.Debug|Any CPU.Build.0 = Debug|Any CPU
		{641FFBE3-EAF4-8FD1-3CD2-E02FA3CBEE4C}.Release|Any CPU.ActiveCfg = Release|Any CPU
		{641FFBE3-EAF4-8FD1-3CD2-E02FA3CBEE4C}.Release|Any CPU.Build.0 = Release|Any CPU
		{B9308EF8-E45E-5D57-9D3E-7A1AAEA820EF}.Debug|Any CPU.ActiveCfg = Debug|Any CPU
		{B9308EF8-E45E-5D57-9D3E-7A1AAEA820EF}.Debug|Any CPU.Build.0 = Debug|Any CPU
		{B9308EF8-E45E-5D57-9D3E-7A1AAEA820EF}.Release|Any CPU.ActiveCfg = Release|Any CPU
		{B9308EF8-E45E-5D57-9D3E-7A1AAEA820EF}.Release|Any CPU.Build.0 = Release|Any CPU
	EndGlobalSection
	GlobalSection(SolutionProperties) = preSolution
		HideSolutionNode = FALSE
	EndGlobalSection
EndGlobal
